<?xml version="1.0" encoding="utf-8"?>
<Project ToolsVersion="4.0" xmlns="http://schemas.microsoft.com/developer/msbuild/2003">
  <ItemGroup>
    <Filter Include="Source Files">
      <UniqueIdentifier>{4FC737F1-C7A5-4376-A066-2A32D752A2FF}</UniqueIdentifier>
      <Extensions>cpp;c;cc;cxx;def;odl;idl;hpj;bat;asm;asmx</Extensions>
    </Filter>
    <Filter Include="Resource Files">
      <UniqueIdentifier>{67DA6AB6-F800-4c08-8B7A-83BB121AAD01}</UniqueIdentifier>
      <Extensions>rc;ico;cur;bmp;dlg;rc2;rct;bin;rgs;gif;jpg;jpeg;jpe;resx;tiff;tif;png;wav;mfcribbon-ms</Extensions>
    </Filter>
    <Filter Include="Resource Files\Shaders">
      <UniqueIdentifier>{d8c6f640-d50d-4388-8a50-90686886c71a}</UniqueIdentifier>
    </Filter>
    <Filter Include="Resource Files\Scenes">
      <UniqueIdentifier>{66439e2a-f58c-4c2a-aad1-3af2e58e4920}</UniqueIdentifier>
    </Filter>
    <Filter Include="Source Files\World">
      <UniqueIdentifier>{3eae19a9-fe07-4939-b11a-3eb1ae153f91}</UniqueIdentifier>
    </Filter>
    <Filter Include="Source Files\World\Terrain">
      <UniqueIdentifier>{d5c49ec9-d52e-4123-bace-bc1f8f483a93}</UniqueIdentifier>
    </Filter>
    <Filter Include="Resource Files\Textures">
      <UniqueIdentifier>{f999c657-94dd-4cec-b0e7-b2e5f0216bb2}</UniqueIdentifier>
    </Filter>
    <Filter Include="Source Files\World\Water">
      <UniqueIdentifier>{2d1f5105-8027-4848-bfed-e8f3bbb59ab2}</UniqueIdentifier>
    </Filter>
  </ItemGroup>
  <ItemGroup>
    <None Include="..\Assets\Shaders\BlueColor.fragmentshader">
      <Filter>Resource Files\Shaders</Filter>
    </None>
    <None Include="..\Assets\Shaders\PathLines.fragmentshader">
      <Filter>Resource Files\Shaders</Filter>
    </None>
    <None Include="..\Assets\Shaders\PathLines.vertexshader">
      <Filter>Resource Files\Shaders</Filter>
    </None>
    <None Include="..\Assets\Shaders\SolidColor.fragmentshader">
      <Filter>Resource Files\Shaders</Filter>
    </None>
    <None Include="..\Assets\Shaders\SolidColor.vertexshader">
      <Filter>Resource Files\Shaders</Filter>
    </None>
    <None Include="..\Assets\Shaders\Texture.fragmentshader">
      <Filter>Resource Files\Shaders</Filter>
    </None>
    <None Include="..\Assets\Shaders\Texture.vertexshader">
      <Filter>Resource Files\Shaders</Filter>
    </None>
    <None Include="..\Assets\Shaders\Skybox.fragmentshader">
      <Filter>Resource Files\Shaders</Filter>
    </None>
    <None Include="..\Assets\Shaders\Skybox.vertexshader">
      <Filter>Resource Files\Shaders</Filter>
    </None>
    <None Include="..\Assets\Scenes\CoordinateSystem.scene">
      <Filter>Resource Files\Scenes</Filter>
    </None>
  </ItemGroup>
  <ItemGroup>
    <ClInclude Include="..\Source\EventManager.h">
      <Filter>Source Files</Filter>
    </ClInclude>
    <ClInclude Include="..\Source\FirstPersonCamera.h">
      <Filter>Source Files</Filter>
    </ClInclude>
    <ClInclude Include="..\Source\Model.h">
      <Filter>Source Files</Filter>
    </ClInclude>
    <ClInclude Include="..\Source\ParsingHelper.h">
      <Filter>Source Files</Filter>
    </ClInclude>
    <ClInclude Include="..\Source\ParticleDescriptor.h">
      <Filter>Source Files</Filter>
    </ClInclude>
    <ClInclude Include="..\Source\ParticleEmitter.h">
      <Filter>Source Files</Filter>
    </ClInclude>
    <ClInclude Include="..\Source\ParticleSystem.h">
      <Filter>Source Files</Filter>
    </ClInclude>
    <ClInclude Include="..\Source\Renderer.h">
      <Filter>Source Files</Filter>
    </ClInclude>
    <ClInclude Include="..\Source\SphereModel.h">
      <Filter>Source Files</Filter>
    </ClInclude>
    <ClInclude Include="..\Source\StaticCamera.h">
      <Filter>Source Files</Filter>
    </ClInclude>
    <ClInclude Include="..\Source\TextureLoader.h">
      <Filter>Source Files</Filter>
    </ClInclude>
    <ClInclude Include="..\Source\World.h">
      <Filter>Source Files</Filter>
    </ClInclude>
    <ClInclude Include="..\Source\Animation.h">
      <Filter>Source Files</Filter>
    </ClInclude>
    <ClInclude Include="..\Source\Billboard.h">
      <Filter>Source Files</Filter>
    </ClInclude>
    <ClInclude Include="..\Source\Camera.h">
      <Filter>Source Files</Filter>
    </ClInclude>
    <ClInclude Include="..\Source\CubeModel.h">
      <Filter>Source Files</Filter>
    </ClInclude>
    <ClInclude Include="..\Source\PerlinNoise.h">
      <Filter>Source Files</Filter>
    </ClInclude>
    <ClInclude Include="..\Source\Skybox.h">
      <Filter>Source Files</Filter>
    </ClInclude>
    <ClInclude Include="..\Source\World\Terrain\Terrain.h">
      <Filter>Source Files\World\Terrain</Filter>
    </ClInclude>
    <ClInclude Include="..\Source\World\Terrain\TerrainChunk.h">
      <Filter>Source Files\World\Terrain</Filter>
    </ClInclude>
    <ClInclude Include="..\Source\World\Terrain\TerrainGenerator.h">
      <Filter>Source Files\World\Terrain</Filter>
    </ClInclude>
    <ClInclude Include="..\Source\World\Water\WaterFrameBuffers.h">
      <Filter>Source Files\World\Water</Filter>
    </ClInclude>
    <ClInclude Include="..\Source\World\Water\WaterQuad.h">
      <Filter>Source Files\World\Water</Filter>
    </ClInclude>
    <ClInclude Include="..\Source\World\Water\WaterRenderer.h">
      <Filter>Source Files\World\Water</Filter>
    </ClInclude>
    <ClInclude Include="..\Source\ObjectModel.h">
      <Filter>Source Files</Filter>
    </ClInclude>
    <ClInclude Include="..\Source\ChunkObject.h">
      <Filter>Source Files</Filter>
    </ClInclude>
    <ClInclude Include="..\Source\ChunkObjectInstance.h">
      <Filter>Source Files</Filter>
    </ClInclude>
    <ClInclude Include="..\Source\ChunkPopulator.h">
      <Filter>Source Files</Filter>
    </ClInclude>
    <ClInclude Include="..\Source\LightSource.h" />
  </ItemGroup>
  <ItemGroup>
    <ClCompile Include="..\Source\FirstPersonCamera.cpp">
      <Filter>Source Files</Filter>
    </ClCompile>
    <ClCompile Include="..\Source\main.cpp">
      <Filter>Source Files</Filter>
    </ClCompile>
    <ClCompile Include="..\Source\Model.cpp">
      <Filter>Source Files</Filter>
    </ClCompile>
    <ClCompile Include="..\Source\ParticleDescriptor.cpp">
      <Filter>Source Files</Filter>
    </ClCompile>
    <ClCompile Include="..\Source\ParticleEmitter.cpp">
      <Filter>Source Files</Filter>
    </ClCompile>
    <ClCompile Include="..\Source\ParticleSystem.cpp">
      <Filter>Source Files</Filter>
    </ClCompile>
    <ClCompile Include="..\Source\Renderer.cpp">
      <Filter>Source Files</Filter>
    </ClCompile>
    <ClCompile Include="..\Source\SphereModel.cpp">
      <Filter>Source Files</Filter>
    </ClCompile>
    <ClCompile Include="..\Source\StaticCamera.cpp">
      <Filter>Source Files</Filter>
    </ClCompile>
    <ClCompile Include="..\Source\TextureLoader.cpp">
      <Filter>Source Files</Filter>
    </ClCompile>
    <ClCompile Include="..\Source\World.cpp">
      <Filter>Source Files</Filter>
    </ClCompile>
    <ClCompile Include="..\Source\Animation.cpp">
      <Filter>Source Files</Filter>
    </ClCompile>
    <ClCompile Include="..\Source\Billboard.cpp">
      <Filter>Source Files</Filter>
    </ClCompile>
    <ClCompile Include="..\Source\Camera.cpp">
      <Filter>Source Files</Filter>
    </ClCompile>
    <ClCompile Include="..\Source\CubeModel.cpp">
      <Filter>Source Files</Filter>
    </ClCompile>
    <ClCompile Include="..\Source\EventManager.cpp">
      <Filter>Source Files</Filter>
    </ClCompile>
    <ClCompile Include="..\Source\PerlinNoise.cpp">
      <Filter>Source Files</Filter>
    </ClCompile>
    <ClCompile Include="..\Source\Skybox.cpp">
      <Filter>Source Files</Filter>
    </ClCompile>
    <ClCompile Include="..\Source\World\Terrain\Terrain.cpp">
      <Filter>Source Files\World\Terrain</Filter>
    </ClCompile>
    <ClCompile Include="..\Source\World\Terrain\TerrainChunk.cpp">
      <Filter>Source Files\World\Terrain</Filter>
    </ClCompile>
    <ClCompile Include="..\Source\World\Terrain\TerrainGenerator.cpp">
      <Filter>Source Files\World\Terrain</Filter>
    </ClCompile>
    <ClCompile Include="..\Source\World\Water\WaterFrameBuffers.cpp">
      <Filter>Source Files\World\Water</Filter>
    </ClCompile>
    <ClCompile Include="..\Source\World\Water\WaterQuad.cpp">
      <Filter>Source Files\World\Water</Filter>
    </ClCompile>
    <ClCompile Include="..\Source\World\Water\WaterRenderer.cpp">
      <Filter>Source Files\World\Water</Filter>
    </ClCompile>
    <ClCompile Include="..\Source\ObjectModel.cpp">
      <Filter>Source Files</Filter>
    </ClCompile>
    <ClCompile Include="..\Source\ChunkObject.cpp">
      <Filter>Source Files</Filter>
    </ClCompile>
    <ClCompile Include="..\Source\ChunkObjectInstance.cpp">
      <Filter>Source Files</Filter>
    </ClCompile>
    <ClCompile Include="..\Source\ChunkPopulator.cpp">
      <Filter>Source Files</Filter>
    </ClCompile>
    <ClCompile Include="..\Source\LightSource.cpp">
      <Filter>Source Files</Filter>
    </ClCompile>
  </ItemGroup>
</Project>